
Microsoft Visual Studio Solution File, Format Version 12.00
# Visual Studio 14
VisualStudioVersion = 14.0.24720.0
MinimumVisualStudioVersion = 10.0.40219.1
Project("{8BC9CEB8-8B4A-11D0-8D11-00A0C91BC942}") = "TestApp", "TestApp\TestApp.vcxproj", "{B7F78F4D-3F2C-4E77-9643-E68FD849041B}"
	ProjectSection(ProjectDependencies) = postProject
		{C847450A-C059-400E-B65A-67E52ABD7EC2} = {C847450A-C059-400E-B65A-67E52ABD7EC2}
		{BC2BBD11-E88A-4F24-9ABE-74BB89B7AF11} = {BC2BBD11-E88A-4F24-9ABE-74BB89B7AF11}
		{B734E654-0A46-4348-915D-E4DFF72AEC12} = {B734E654-0A46-4348-915D-E4DFF72AEC12}
		{264E5A6B-9AC7-490B-9DDF-7C1F8A4FF82A} = {264E5A6B-9AC7-490B-9DDF-7C1F8A4FF82A}
		{E1E238D7-7D8C-465C-BA4F-24FFD7B78536} = {E1E238D7-7D8C-465C-BA4F-24FFD7B78536}
	EndProjectSection
EndProject
Project("{8BC9CEB8-8B4A-11D0-8D11-00A0C91BC942}") = "Renderer_Base", "Renderer_Base\Renderer_Base.vcxproj", "{B734E654-0A46-4348-915D-E4DFF72AEC12}"
EndProject
Project("{8BC9CEB8-8B4A-11D0-8D11-00A0C91BC942}") = "Renderer_DX11", "Renderer_DX11\Renderer_DX11.vcxproj", "{C847450A-C059-400E-B65A-67E52ABD7EC2}"
EndProject
Project("{8BC9CEB8-8B4A-11D0-8D11-00A0C91BC942}") = "OS_Base", "OS_Base\OS_Base.vcxproj", "{264E5A6B-9AC7-490B-9DDF-7C1F8A4FF82A}"
EndProject
Project("{8BC9CEB8-8B4A-11D0-8D11-00A0C91BC942}") = "OS_Win32", "OS_Win32\OS_Win32.vcxproj", "{BC2BBD11-E88A-4F24-9ABE-74BB89B7AF11}"
EndProject
Project("{8BC9CEB8-8B4A-11D0-8D11-00A0C91BC942}") = "Base", "Base\Base.vcxproj", "{E1E238D7-7D8C-465C-BA4F-24FFD7B78536}"
EndProject
Project("{2150E333-8FDC-42A3-9474-1A3956D46DE8}") = "Renderer", "Renderer", "{47EE1113-4DE3-4316-93F9-849C14DBCCCD}"
EndProject
Project("{2150E333-8FDC-42A3-9474-1A3956D46DE8}") = "OS", "OS", "{90DC9A9E-7B85-4025-B1A0-2452977C9BF5}"
EndProject
Global
	GlobalSection(SolutionConfigurationPlatforms) = preSolution
		Debug - Unicode|x64 = Debug - Unicode|x64
		Debug - Unicode|x86 = Debug - Unicode|x86
		Debug|x64 = Debug|x64
		Debug|x86 = Debug|x86
		Release - Unicode|x64 = Release - Unicode|x64
		Release - Unicode|x86 = Release - Unicode|x86
		Release|x64 = Release|x64
		Release|x86 = Release|x86
	EndGlobalSection
	GlobalSection(ProjectConfigurationPlatforms) = postSolution
		{B7F78F4D-3F2C-4E77-9643-E68FD849041B}.Debug - Unicode|x64.ActiveCfg = Debug - Unicode|x64
		{B7F78F4D-3F2C-4E77-9643-E68FD849041B}.Debug - Unicode|x64.Build.0 = Debug - Unicode|x64
		{B7F78F4D-3F2C-4E77-9643-E68FD849041B}.Debug - Unicode|x86.ActiveCfg = Debug - Unicode|Win32
		{B7F78F4D-3F2C-4E77-9643-E68FD849041B}.Debug - Unicode|x86.Build.0 = Debug - Unicode|Win32
		{B7F78F4D-3F2C-4E77-9643-E68FD849041B}.Debug|x64.ActiveCfg = Debug|x64
		{B7F78F4D-3F2C-4E77-9643-E68FD849041B}.Debug|x64.Build.0 = Debug|x64
		{B7F78F4D-3F2C-4E77-9643-E68FD849041B}.Debug|x86.ActiveCfg = Debug|Win32
		{B7F78F4D-3F2C-4E77-9643-E68FD849041B}.Debug|x86.Build.0 = Debug|Win32
		{B7F78F4D-3F2C-4E77-9643-E68FD849041B}.Release - Unicode|x64.ActiveCfg = Release - Unicode|x64
		{B7F78F4D-3F2C-4E77-9643-E68FD849041B}.Release - Unicode|x64.Build.0 = Release - Unicode|x64
		{B7F78F4D-3F2C-4E77-9643-E68FD849041B}.Release - Unicode|x86.ActiveCfg = Release - Unicode|Win32
		{B7F78F4D-3F2C-4E77-9643-E68FD849041B}.Release - Unicode|x86.Build.0 = Release - Unicode|Win32
		{B7F78F4D-3F2C-4E77-9643-E68FD849041B}.Release|x64.ActiveCfg = Release|x64
		{B7F78F4D-3F2C-4E77-9643-E68FD849041B}.Release|x64.Build.0 = Release|x64
		{B7F78F4D-3F2C-4E77-9643-E68FD849041B}.Release|x86.ActiveCfg = Release|Win32
		{B7F78F4D-3F2C-4E77-9643-E68FD849041B}.Release|x86.Build.0 = Release|Win32
		{B734E654-0A46-4348-915D-E4DFF72AEC12}.Debug - Unicode|x64.ActiveCfg = Debug - Unicode|x64
		{B734E654-0A46-4348-915D-E4DFF72AEC12}.Debug - Unicode|x64.Build.0 = Debug - Unicode|x64
		{B734E654-0A46-4348-915D-E4DFF72AEC12}.Debug - Unicode|x86.ActiveCfg = Debug - Unicode|Win32
		{B734E654-0A46-4348-915D-E4DFF72AEC12}.Debug - Unicode|x86.Build.0 = Debug - Unicode|Win32
		{B734E654-0A46-4348-915D-E4DFF72AEC12}.Debug|x64.ActiveCfg = Debug|x64
		{B734E654-0A46-4348-915D-E4DFF72AEC12}.Debug|x64.Build.0 = Debug|x64
		{B734E654-0A46-4348-915D-E4DFF72AEC12}.Debug|x86.ActiveCfg = Debug|Win32
		{B734E654-0A46-4348-915D-E4DFF72AEC12}.Debug|x86.Build.0 = Debug|Win32
		{B734E654-0A46-4348-915D-E4DFF72AEC12}.Release - Unicode|x64.ActiveCfg = Release - Unicode|x64
		{B734E654-0A46-4348-915D-E4DFF72AEC12}.Release - Unicode|x64.Build.0 = Release - Unicode|x64
		{B734E654-0A46-4348-915D-E4DFF72AEC12}.Release - Unicode|x86.ActiveCfg = Release - Unicode|Win32
		{B734E654-0A46-4348-915D-E4DFF72AEC12}.Release - Unicode|x86.Build.0 = Release - Unicode|Win32
		{B734E654-0A46-4348-915D-E4DFF72AEC12}.Release|x64.ActiveCfg = Release|x64
		{B734E654-0A46-4348-915D-E4DFF72AEC12}.Release|x64.Build.0 = Release|x64
		{B734E654-0A46-4348-915D-E4DFF72AEC12}.Release|x86.ActiveCfg = Release|Win32
		{B734E654-0A46-4348-915D-E4DFF72AEC12}.Release|x86.Build.0 = Release|Win32
		{C847450A-C059-400E-B65A-67E52ABD7EC2}.Debug - Unicode|x64.ActiveCfg = Debug - Unicode|x64
		{C847450A-C059-400E-B65A-67E52ABD7EC2}.Debug - Unicode|x64.Build.0 = Debug - Unicode|x64
		{C847450A-C059-400E-B65A-67E52ABD7EC2}.Debug - Unicode|x86.ActiveCfg = Debug - Unicode|Win32
		{C847450A-C059-400E-B65A-67E52ABD7EC2}.Debug - Unicode|x86.Build.0 = Debug - Unicode|Win32
		{C847450A-C059-400E-B65A-67E52ABD7EC2}.Debug|x64.ActiveCfg = Debug|x64
		{C847450A-C059-400E-B65A-67E52ABD7EC2}.Debug|x64.Build.0 = Debug|x64
		{C847450A-C059-400E-B65A-67E52ABD7EC2}.Debug|x86.ActiveCfg = Debug|Win32
		{C847450A-C059-400E-B65A-67E52ABD7EC2}.Debug|x86.Build.0 = Debug|Win32
		{C847450A-C059-400E-B65A-67E52ABD7EC2}.Release - Unicode|x64.ActiveCfg = Release - Unicode|x64
		{C847450A-C059-400E-B65A-67E52ABD7EC2}.Release - Unicode|x64.Build.0 = Release - Unicode|x64
		{C847450A-C059-400E-B65A-67E52ABD7EC2}.Release - Unicode|x86.ActiveCfg = Release - Unicode|Win32
		{C847450A-C059-400E-B65A-67E52ABD7EC2}.Release - Unicode|x86.Build.0 = Release - Unicode|Win32
		{C847450A-C059-400E-B65A-67E52ABD7EC2}.Release|x64.ActiveCfg = Release|x64
		{C847450A-C059-400E-B65A-67E52ABD7EC2}.Release|x64.Build.0 = Release|x64
		{C847450A-C059-400E-B65A-67E52ABD7EC2}.Release|x86.ActiveCfg = Release|Win32
		{C847450A-C059-400E-B65A-67E52ABD7EC2}.Release|x86.Build.0 = Release|Win32
		{264E5A6B-9AC7-490B-9DDF-7C1F8A4FF82A}.Debug - Unicode|x64.ActiveCfg = Debug - Unicode|x64
		{264E5A6B-9AC7-490B-9DDF-7C1F8A4FF82A}.Debug - Unicode|x64.Build.0 = Debug - Unicode|x64
		{264E5A6B-9AC7-490B-9DDF-7C1F8A4FF82A}.Debug - Unicode|x86.ActiveCfg = Debug - Unicode|Win32
		{264E5A6B-9AC7-490B-9DDF-7C1F8A4FF82A}.Debug - Unicode|x86.Build.0 = Debug - Unicode|Win32
		{264E5A6B-9AC7-490B-9DDF-7C1F8A4FF82A}.Debug|x64.ActiveCfg = Debug|x64
		{264E5A6B-9AC7-490B-9DDF-7C1F8A4FF82A}.Debug|x64.Build.0 = Debug|x64
		{264E5A6B-9AC7-490B-9DDF-7C1F8A4FF82A}.Debug|x86.ActiveCfg = Debug|Win32
		{264E5A6B-9AC7-490B-9DDF-7C1F8A4FF82A}.Debug|x86.Build.0 = Debug|Win32
		{264E5A6B-9AC7-490B-9DDF-7C1F8A4FF82A}.Release - Unicode|x64.ActiveCfg = Release - Unicode|x64
		{264E5A6B-9AC7-490B-9DDF-7C1F8A4FF82A}.Release - Unicode|x64.Build.0 = Release - Unicode|x64
		{264E5A6B-9AC7-490B-9DDF-7C1F8A4FF82A}.Release - Unicode|x86.ActiveCfg = Release - Unicode|Win32
		{264E5A6B-9AC7-490B-9DDF-7C1F8A4FF82A}.Release - Unicode|x86.Build.0 = Release - Unicode|Win32
		{264E5A6B-9AC7-490B-9DDF-7C1F8A4FF82A}.Release|x64.ActiveCfg = Release|x64
		{264E5A6B-9AC7-490B-9DDF-7C1F8A4FF82A}.Release|x64.Build.0 = Release|x64
		{264E5A6B-9AC7-490B-9DDF-7C1F8A4FF82A}.Release|x86.ActiveCfg = Release|Win32
		{264E5A6B-9AC7-490B-9DDF-7C1F8A4FF82A}.Release|x86.Build.0 = Release|Win32
		{BC2BBD11-E88A-4F24-9ABE-74BB89B7AF11}.Debug - Unicode|x64.ActiveCfg = Debug - Unicode|x64
		{BC2BBD11-E88A-4F24-9ABE-74BB89B7AF11}.Debug - Unicode|x64.Build.0 = Debug - Unicode|x64
		{BC2BBD11-E88A-4F24-9ABE-74BB89B7AF11}.Debug - Unicode|x86.ActiveCfg = Debug - Unicode|Win32
		{BC2BBD11-E88A-4F24-9ABE-74BB89B7AF11}.Debug - Unicode|x86.Build.0 = Debug - Unicode|Win32
		{BC2BBD11-E88A-4F24-9ABE-74BB89B7AF11}.Debug|x64.ActiveCfg = Debug|x64
		{BC2BBD11-E88A-4F24-9ABE-74BB89B7AF11}.Debug|x64.Build.0 = Debug|x64
		{BC2BBD11-E88A-4F24-9ABE-74BB89B7AF11}.Debug|x86.ActiveCfg = Debug|Win32
		{BC2BBD11-E88A-4F24-9ABE-74BB89B7AF11}.Debug|x86.Build.0 = Debug|Win32
		{BC2BBD11-E88A-4F24-9ABE-74BB89B7AF11}.Release - Unicode|x64.ActiveCfg = Release - Unicode|x64
		{BC2BBD11-E88A-4F24-9ABE-74BB89B7AF11}.Release - Unicode|x64.Build.0 = Release - Unicode|x64
		{BC2BBD11-E88A-4F24-9ABE-74BB89B7AF11}.Release - Unicode|x86.ActiveCfg = Release - Unicode|Win32
		{BC2BBD11-E88A-4F24-9ABE-74BB89B7AF11}.Release - Unicode|x86.Build.0 = Release - Unicode|Win32
		{BC2BBD11-E88A-4F24-9ABE-74BB89B7AF11}.Release|x64.ActiveCfg = Release|x64
		{BC2BBD11-E88A-4F24-9ABE-74BB89B7AF11}.Release|x64.Build.0 = Release|x64
		{BC2BBD11-E88A-4F24-9ABE-74BB89B7AF11}.Release|x86.ActiveCfg = Release|Win32
		{BC2BBD11-E88A-4F24-9ABE-74BB89B7AF11}.Release|x86.Build.0 = Release|Win32
		{E1E238D7-7D8C-465C-BA4F-24FFD7B78536}.Debug - Unicode|x64.ActiveCfg = Debug - Unicode|x64
		{E1E238D7-7D8C-465C-BA4F-24FFD7B78536}.Debug - Unicode|x64.Build.0 = Debug - Unicode|x64
		{E1E238D7-7D8C-465C-BA4F-24FFD7B78536}.Debug - Unicode|x86.ActiveCfg = Debug - Unicode|Win32
		{E1E238D7-7D8C-465C-BA4F-24FFD7B78536}.Debug - Unicode|x86.Build.0 = Debug - Unicode|Win32
		{E1E238D7-7D8C-465C-BA4F-24FFD7B78536}.Debug|x64.ActiveCfg = Debug|x64
		{E1E238D7-7D8C-465C-BA4F-24FFD7B78536}.Debug|x64.Build.0 = Debug|x64
		{E1E238D7-7D8C-465C-BA4F-24FFD7B78536}.Debug|x86.ActiveCfg = Debug|Win32
		{E1E238D7-7D8C-465C-BA4F-24FFD7B78536}.Debug|x86.Build.0 = Debug|Win32
		{E1E238D7-7D8C-465C-BA4F-24FFD7B78536}.Release - Unicode|x64.ActiveCfg = Release - Unicode|x64
		{E1E238D7-7D8C-465C-BA4F-24FFD7B78536}.Release - Unicode|x64.Build.0 = Release - Unicode|x64
		{E1E238D7-7D8C-465C-BA4F-24FFD7B78536}.Release - Unicode|x86.ActiveCfg = Release - Unicode|Win32
		{E1E238D7-7D8C-465C-BA4F-24FFD7B78536}.Release - Unicode|x86.Build.0 = Release - Unicode|Win32
		{E1E238D7-7D8C-465C-BA4F-24FFD7B78536}.Release|x64.ActiveCfg = Release|x64
		{E1E238D7-7D8C-465C-BA4F-24FFD7B78536}.Release|x64.Build.0 = Release|x64
		{E1E238D7-7D8C-465C-BA4F-24FFD7B78536}.Release|x86.ActiveCfg = Release|Win32
		{E1E238D7-7D8C-465C-BA4F-24FFD7B78536}.Release|x86.Build.0 = Release|Win32
	EndGlobalSection
	GlobalSection(SolutionProperties) = preSolution
		HideSolutionNode = FALSE
	EndGlobalSection
	GlobalSection(NestedProjects) = preSolution
		{B734E654-0A46-4348-915D-E4DFF72AEC12} = {47EE1113-4DE3-4316-93F9-849C14DBCCCD}
		{C847450A-C059-400E-B65A-67E52ABD7EC2} = {47EE1113-4DE3-4316-93F9-849C14DBCCCD}
		{264E5A6B-9AC7-490B-9DDF-7C1F8A4FF82A} = {90DC9A9E-7B85-4025-B1A0-2452977C9BF5}
		{BC2BBD11-E88A-4F24-9ABE-74BB89B7AF11} = {90DC9A9E-7B85-4025-B1A0-2452977C9BF5}
	EndGlobalSection
EndGlobal
