<?xml version="1.0" encoding="utf-8"?>
<Project ToolsVersion="4.0" xmlns="http://schemas.microsoft.com/developer/msbuild/2003">
  <ItemGroup>
    <Filter Include="Source Files">
      <UniqueIdentifier>{4FC737F1-C7A5-4376-A066-2A32D752A2FF}</UniqueIdentifier>
      <Extensions>cpp;c;cc;cxx;def;odl;idl;hpj;bat;asm;asmx</Extensions>
    </Filter>
    <Filter Include="Header Files">
      <UniqueIdentifier>{93995380-89BD-4b04-88EB-625FBE52EBFB}</UniqueIdentifier>
      <Extensions>h;hh;hpp;hxx;hm;inl;inc;xsd</Extensions>
    </Filter>
    <Filter Include="Resource Files">
      <UniqueIdentifier>{67DA6AB6-F800-4c08-8B7A-83BB121AAD01}</UniqueIdentifier>
      <Extensions>rc;ico;cur;bmp;dlg;rc2;rct;bin;rgs;gif;jpg;jpeg;jpe;resx;tiff;tif;png;wav;mfcribbon-ms</Extensions>
    </Filter>
    <Filter Include="Header Files\DevTools">
      <UniqueIdentifier>{0e4a555f-10ad-45d9-8bf2-0802e6829d42}</UniqueIdentifier>
    </Filter>
    <Filter Include="Header Files\Graphics">
      <UniqueIdentifier>{55ecb713-048a-4946-98fb-d0fef5a6e195}</UniqueIdentifier>
    </Filter>
    <Filter Include="Source Files\DevTools">
      <UniqueIdentifier>{97d6e934-08ee-417f-bd51-fcac31bef6cb}</UniqueIdentifier>
    </Filter>
    <Filter Include="Source Files\Graphics">
      <UniqueIdentifier>{1d03e513-1e46-4c4f-9940-3eea59c10c00}</UniqueIdentifier>
    </Filter>
    <Filter Include="Header Files\Math">
      <UniqueIdentifier>{433235dd-cdae-4eb0-9e68-19141f5faa59}</UniqueIdentifier>
    </Filter>
    <Filter Include="Source Files\Math">
      <UniqueIdentifier>{6e2300e7-c6c8-4b56-9e4c-6a60768d2e74}</UniqueIdentifier>
    </Filter>
    <Filter Include="Header Files\I/O">
      <UniqueIdentifier>{fc277246-5b66-4303-93c7-e6c7c1d024e3}</UniqueIdentifier>
    </Filter>
    <Filter Include="Source Files\I/O">
      <UniqueIdentifier>{e8a23587-7aed-4fe8-a452-2f07aa279d16}</UniqueIdentifier>
    </Filter>
    <Filter Include="Header Files\XML">
      <UniqueIdentifier>{43a3698b-a320-49e0-ba1d-e0355955fba2}</UniqueIdentifier>
    </Filter>
    <Filter Include="Source Files\XML">
      <UniqueIdentifier>{d1272502-ab2c-44f8-809c-f6a2b776911c}</UniqueIdentifier>
    </Filter>
    <Filter Include="Source Files\Reflection">
      <UniqueIdentifier>{10b8d2f9-5111-4fd1-9231-e3b5723a165b}</UniqueIdentifier>
    </Filter>
    <Filter Include="Header Files\Reflection">
      <UniqueIdentifier>{5cc47a12-08c0-48a5-8364-61ac0cffc21d}</UniqueIdentifier>
    </Filter>
  </ItemGroup>
  <ItemGroup>
    <ClInclude Include="precompiled.h">
      <Filter>Header Files</Filter>
    </ClInclude>
    <ClInclude Include="Assert.h">
      <Filter>Header Files\DevTools</Filter>
    </ClInclude>
    <ClInclude Include="Logger.h">
      <Filter>Header Files\DevTools</Filter>
    </ClInclude>
    <ClInclude Include="Profiler.h">
      <Filter>Header Files\DevTools</Filter>
    </ClInclude>
    <ClInclude Include="File.h">
      <Filter>Header Files\I/O</Filter>
    </ClInclude>
    <ClInclude Include="Path.h">
      <Filter>Header Files\I/O</Filter>
    </ClInclude>
    <ClInclude Include="BitmapData.h">
      <Filter>Header Files\Graphics</Filter>
    </ClInclude>
    <ClInclude Include="FontDataFile.h">
      <Filter>Header Files\Graphics</Filter>
    </ClInclude>
    <ClInclude Include="TGAFile.h">
      <Filter>Header Files\Graphics</Filter>
    </ClInclude>
    <ClInclude Include="StringUtils.h">
      <Filter>Header Files\DevTools</Filter>
    </ClInclude>
    <ClInclude Include="Singleton.h">
      <Filter>Header Files\DevTools</Filter>
    </ClInclude>
    <ClInclude Include="GraphicUtils.h">
      <Filter>Header Files\Graphics</Filter>
    </ClInclude>
    <ClInclude Include="MathUtils.h">
      <Filter>Header Files\Math</Filter>
    </ClInclude>
    <ClInclude Include="BitField.h">
      <Filter>Header Files\DevTools</Filter>
    </ClInclude>
    <ClInclude Include="CompressionUtils.h">
      <Filter>Header Files\DevTools</Filter>
    </ClInclude>
    <ClInclude Include="Buffer.h">
      <Filter>Header Files\I/O</Filter>
    </ClInclude>
    <ClInclude Include="MemoryBuffer.h">
      <Filter>Header Files\I/O</Filter>
    </ClInclude>
    <ClInclude Include="PNGFile.h">
      <Filter>Header Files\Graphics</Filter>
    </ClInclude>
    <ClInclude Include="RangedBasedLoops.h">
      <Filter>Header Files\DevTools</Filter>
    </ClInclude>
    <ClInclude Include="Rect.h">
      <Filter>Header Files\Math</Filter>
    </ClInclude>
    <ClInclude Include="Types.h">
      <Filter>Header Files\DevTools</Filter>
    </ClInclude>
    <ClInclude Include="Vector.h">
      <Filter>Header Files\Math</Filter>
    </ClInclude>
    <ClInclude Include="Matrix.h">
      <Filter>Header Files\Math</Filter>
    </ClInclude>
    <ClInclude Include="JPEGFile.h">
      <Filter>Header Files\Graphics</Filter>
    </ClInclude>
    <ClInclude Include="XMLTag.h">
      <Filter>Header Files\XML</Filter>
    </ClInclude>
    <ClInclude Include="XMLAttribute.h">
      <Filter>Header Files\XML</Filter>
    </ClInclude>
    <ClInclude Include="XMLDefines.h">
      <Filter>Header Files\XML</Filter>
    </ClInclude>
    <ClInclude Include="XMLFile.h">
      <Filter>Header Files\XML</Filter>
    </ClInclude>
    <ClInclude Include="XMLParser.h">
      <Filter>Header Files\XML</Filter>
    </ClInclude>
    <ClInclude Include="Streamable.h">
      <Filter>Header Files\DevTools</Filter>
    </ClInclude>
    <ClInclude Include="Reflection.h">
      <Filter>Header Files\Reflection</Filter>
    </ClInclude>
    <ClInclude Include="TypeProperty.h">
      <Filter>Header Files\Reflection</Filter>
    </ClInclude>
    <ClInclude Include="TypeDB.h">
      <Filter>Header Files\Reflection</Filter>
    </ClInclude>
    <ClInclude Include="Name.h">
      <Filter>Header Files\Reflection</Filter>
    </ClInclude>
    <ClInclude Include="EnumConstant.h">
      <Filter>Header Files\Reflection</Filter>
    </ClInclude>
    <ClInclude Include="TypeFunction.h">
      <Filter>Header Files\Reflection</Filter>
    </ClInclude>
    <ClInclude Include="Function_Prototype.h">
      <Filter>Header Files\Reflection</Filter>
    </ClInclude>
    <ClInclude Include="IContainer.h">
      <Filter>Header Files\Reflection</Filter>
    </ClInclude>
    <ClInclude Include="Variant.h">
      <Filter>Header Files\Reflection</Filter>
    </ClInclude>
    <ClInclude Include="Serializer.h">
      <Filter>Header Files\Reflection</Filter>
    </ClInclude>
    <ClInclude Include="Utils.h">
      <Filter>Header Files\Reflection</Filter>
    </ClInclude>
    <ClInclude Include="TypeOperators.h">
      <Filter>Header Files\Reflection</Filter>
    </ClInclude>
    <ClInclude Include="ErrorHandler.h">
      <Filter>Header Files\Reflection</Filter>
    </ClInclude>
    <ClInclude Include="TypeInfo.h">
      <Filter>Header Files\Reflection</Filter>
    </ClInclude>
    <ClInclude Include="Invoker.h">
      <Filter>Header Files\Reflection</Filter>
    </ClInclude>
  </ItemGroup>
  <ItemGroup>
    <ClCompile Include="precompiled.cpp">
      <Filter>Source Files</Filter>
    </ClCompile>
    <ClCompile Include="Assert.cpp">
      <Filter>Source Files\DevTools</Filter>
    </ClCompile>
    <ClCompile Include="BitmapData.cpp">
      <Filter>Source Files\Graphics</Filter>
    </ClCompile>
    <ClCompile Include="File.cpp">
      <Filter>Source Files\I/O</Filter>
    </ClCompile>
    <ClCompile Include="Path.cpp">
      <Filter>Source Files\I/O</Filter>
    </ClCompile>
    <ClCompile Include="FontDataFile.cpp">
      <Filter>Source Files\Graphics</Filter>
    </ClCompile>
    <ClCompile Include="Logger.cpp">
      <Filter>Source Files\DevTools</Filter>
    </ClCompile>
    <ClCompile Include="Profiler.cpp">
      <Filter>Source Files\DevTools</Filter>
    </ClCompile>
    <ClCompile Include="StringUtils.cpp">
      <Filter>Source Files\DevTools</Filter>
    </ClCompile>
    <ClCompile Include="TGAFile.cpp">
      <Filter>Source Files\Graphics</Filter>
    </ClCompile>
    <ClCompile Include="GraphicUtils.cpp">
      <Filter>Source Files\Graphics</Filter>
    </ClCompile>
    <ClCompile Include="MathUtils.cpp">
      <Filter>Source Files\Math</Filter>
    </ClCompile>
    <ClCompile Include="BitField.cpp">
      <Filter>Source Files\DevTools</Filter>
    </ClCompile>
    <ClCompile Include="CompressionUtils.cpp">
      <Filter>Source Files\DevTools</Filter>
    </ClCompile>
    <ClCompile Include="MemoryBuffer.cpp">
      <Filter>Source Files\I/O</Filter>
    </ClCompile>
    <ClCompile Include="PNGFile.cpp">
      <Filter>Source Files\Graphics</Filter>
    </ClCompile>
    <ClCompile Include="JPEGFile.cpp">
      <Filter>Source Files\Graphics</Filter>
    </ClCompile>
    <ClCompile Include="XMLTag.cpp">
      <Filter>Source Files\XML</Filter>
    </ClCompile>
    <ClCompile Include="XMLAttribute.cpp">
      <Filter>Source Files\XML</Filter>
    </ClCompile>
    <ClCompile Include="XMLDefines.cpp">
      <Filter>Source Files\XML</Filter>
    </ClCompile>
    <ClCompile Include="XMLFile.cpp">
      <Filter>Source Files\XML</Filter>
    </ClCompile>
    <ClCompile Include="XMLParser.cpp">
      <Filter>Source Files\XML</Filter>
    </ClCompile>
    <ClCompile Include="Streamable.cpp">
      <Filter>Source Files\DevTools</Filter>
    </ClCompile>
    <ClCompile Include="Variant.cpp">
      <Filter>Source Files\Reflection</Filter>
    </ClCompile>
    <ClCompile Include="Name.cpp">
      <Filter>Source Files\Reflection</Filter>
    </ClCompile>
    <ClCompile Include="TypeProperty.cpp">
      <Filter>Source Files\Reflection</Filter>
    </ClCompile>
    <ClCompile Include="TypeDB.cpp">
      <Filter>Source Files\Reflection</Filter>
    </ClCompile>
    <ClCompile Include="Serializer.cpp">
      <Filter>Source Files\Reflection</Filter>
    </ClCompile>
    <ClCompile Include="Utils.cpp">
      <Filter>Source Files\Reflection</Filter>
    </ClCompile>
    <ClCompile Include="IContainer.cpp">
      <Filter>Source Files\Reflection</Filter>
    </ClCompile>
    <ClCompile Include="TypeFunction.cpp">
      <Filter>Source Files\Reflection</Filter>
    </ClCompile>
    <ClCompile Include="TypeInfo.cpp">
      <Filter>Source Files\Reflection</Filter>
    </ClCompile>
  </ItemGroup>
</Project>